// !$*UTF8*$!
{
	archiveVersion = 1;
	classes = {
	};
	objectVersion = 50;
	objects = {

/* Begin PBXBuildFile section */
		9F2EF1DB2506D90E0070F96C /* AppDelegate.swift in Sources */ = {isa = PBXBuildFile; fileRef = 9F2EF1DA2506D90E0070F96C /* AppDelegate.swift */; };
		9F2EF1DD2506D90E0070F96C /* SceneDelegate.swift in Sources */ = {isa = PBXBuildFile; fileRef = 9F2EF1DC2506D90E0070F96C /* SceneDelegate.swift */; };
		9F2EF1DF2506D90E0070F96C /* ViewController.swift in Sources */ = {isa = PBXBuildFile; fileRef = 9F2EF1DE2506D90E0070F96C /* ViewController.swift */; };
		9F2EF1E22506D90E0070F96C /* Main.storyboard in Resources */ = {isa = PBXBuildFile; fileRef = 9F2EF1E02506D90E0070F96C /* Main.storyboard */; };
		9F2EF1E42506D9110070F96C /* Assets.xcassets in Resources */ = {isa = PBXBuildFile; fileRef = 9F2EF1E32506D9110070F96C /* Assets.xcassets */; };
		9F2EF1E72506D9110070F96C /* LaunchScreen.storyboard in Resources */ = {isa = PBXBuildFile; fileRef = 9F2EF1E52506D9110070F96C /* LaunchScreen.storyboard */; };
/* End PBXBuildFile section */

/* Begin PBXFileReference section */
		9F2EF1D72506D90E0070F96C /* Pixel APP.app */ = {isa = PBXFileReference; explicitFileType = wrapper.application; includeInIndex = 0; path = "Pixel APP.app"; sourceTree = BUILT_PRODUCTS_DIR; };
		9F2EF1DA2506D90E0070F96C /* AppDelegate.swift */ = {isa = PBXFileReference; lastKnownFileType = sourcecode.swift; path = AppDelegate.swift; sourceTree = "<group>"; };
		9F2EF1DC2506D90E0070F96C /* SceneDelegate.swift */ = {isa = PBXFileReference; lastKnownFileType = sourcecode.swift; path = SceneDelegate.swift; sourceTree = "<group>"; };
		9F2EF1DE2506D90E0070F96C /* ViewController.swift */ = {isa = PBXFileReference; lastKnownFileType = sourcecode.swift; path = ViewController.swift; sourceTree = "<group>"; };
		9F2EF1E12506D90E0070F96C /* Base */ = {isa = PBXFileReference; lastKnownFileType = file.storyboard; name = Base; path = Base.lproj/Main.storyboard; sourceTree = "<group>"; };
		9F2EF1E32506D9110070F96C /* Assets.xcassets */ = {isa = PBXFileReference; lastKnownFileType = folder.assetcatalog; path = Assets.xcassets; sourceTree = "<group>"; };
		9F2EF1E62506D9110070F96C /* Base */ = {isa = PBXFileReference; lastKnownFileType = file.storyboard; name = Base; path = Base.lproj/LaunchScreen.storyboard; sourceTree = "<group>"; };
		9F2EF1E82506D9110070F96C /* Info.plist */ = {isa = PBXFileReference; lastKnownFileType = text.plist.xml; path = Info.plist; sourceTree = "<group>"; };
/* End PBXFileReference section */

/* Begin PBXFrameworksBuildPhase section */
		9F2EF1D42506D90E0070F96C /* Frameworks */ = {
			isa = PBXFrameworksBuildPhase;
			buildActionMask = 2147483647;
			files = (
			);
			runOnlyForDeploymentPostprocessing = 0;
		};
/* End PBXFrameworksBuildPhase section */

/* Begin PBXGroup section */
		9F2EF1CE2506D90E0070F96C = {
			isa = PBXGroup;
			children = (
				9F2EF1D92506D90E0070F96C /* Pixel APP */,
				9F2EF1D82506D90E0070F96C /* Products */,
			);
			sourceTree = "<group>";
		};
		9F2EF1D82506D90E0070F96C /* Products */ = {
			isa = PBXGroup;
			children = (
				9F2EF1D72506D90E0070F96C /* Pixel APP.app */,
			);
			name = Products;
			sourceTree = "<group>";
		};
		9F2EF1D92506D90E0070F96C /* Pixel APP */ = {
			isa = PBXGroup;
			children = (
				9F2EF1DA2506D90E0070F96C /* AppDelegate.swift */,
				9F2EF1DC2506D90E0070F96C /* SceneDelegate.swift */,
				9F2EF1DE2506D90E0070F96C /* ViewController.swift */,
				9F2EF1E02506D90E0070F96C /* Main.storyboard */,
				9F2EF1E32506D9110070F96C /* Assets.xcassets */,
				9F2EF1E52506D9110070F96C /* LaunchScreen.storyboard */,
				9F2EF1E82506D9110070F96C /* Info.plist */,
			);
			path = "Pixel APP";
			sourceTree = "<group>";
		};
/* End PBXGroup section */

/* Begin PBXNativeTarget section */
		9F2EF1D62506D90E0070F96C /* Pixel APP */ = {
			isa = PBXNativeTarget;
			buildConfigurationList = 9F2EF1EB2506D9110070F96C /* Build configuration list for PBXNativeTarget "Pixel APP" */;
			buildPhases = (
				9F2EF1D32506D90E0070F96C /* Sources */,
				9F2EF1D42506D90E0070F96C /* Frameworks */,
				9F2EF1D52506D90E0070F96C /* Resources */,
			);
			buildRules = (
			);
			dependencies = (
			);
			name = "Pixel APP";
			productName = "Pixel APP";
			productReference = 9F2EF1D72506D90E0070F96C /* Pixel APP.app */;
			productType = "com.apple.product-type.application";
		};
/* End PBXNativeTarget section */

/* Begin PBXProject section */
		9F2EF1CF2506D90E0070F96C /* Project object */ = {
			isa = PBXProject;
			attributes = {
				LastSwiftUpdateCheck = 1140;
				LastUpgradeCheck = 1140;
				ORGANIZATIONNAME = Hossam;
				TargetAttributes = {
					9F2EF1D62506D90E0070F96C = {
						CreatedOnToolsVersion = 11.4;
					};
				};
			};
			buildConfigurationList = 9F2EF1D22506D90E0070F96C /* Build configuration list for PBXProject "Pixel APP" */;
			compatibilityVersion = "Xcode 9.3";
			developmentRegion = en;
			hasScannedForEncodings = 0;
			knownRegions = (
				en,
				Base,
			);
			mainGroup = 9F2EF1CE2506D90E0070F96C;
			productRefGroup = 9F2EF1D82506D90E0070F96C /* Products */;
			projectDirPath = "";
			projectRoot = "";
			targets = (
				9F2EF1D62506D90E0070F96C /* Pixel APP */,
			);
		};
/* End PBXProject section */

/* Begin PBXResourcesBuildPhase section */
		9F2EF1D52506D90E0070F96C /* Resources */ = {
			isa = PBXResourcesBuildPhase;
			buildActionMask = 2147483647;
			files = (
				9F2EF1E72506D9110070F96C /* LaunchScreen.storyboard in Resources */,
				9F2EF1E42506D9110070F96C /* Assets.xcassets in Resources */,
				9F2EF1E22506D90E0070F96C /* Main.storyboard in Resources */,
			);
			runOnlyForDeploymentPostprocessing = 0;
		};
/* End PBXResourcesBuildPhase section */

/* Begin PBXSourcesBuildPhase section */
		9F2EF1D32506D90E0070F96C /* Sources */ = {
			isa = PBXSourcesBuildPhase;
			buildActionMask = 2147483647;
			files = (
				9F2EF1DF2506D90E0070F96C /* ViewController.swift in Sources */,
				9F2EF1DB2506D90E0070F96C /* AppDelegate.swift in Sources */,
				9F2EF1DD2506D90E0070F96C /* SceneDelegate.swift in Sources */,
			);
			runOnlyForDeploymentPostprocessing = 0;
		};
/* End PBXSourcesBuildPhase section */

/* Begin PBXVariantGroup section */
		9F2EF1E02506D90E0070F96C /* Main.storyboard */ = {
			isa = PBXVariantGroup;
			children = (
				9F2EF1E12506D90E0070F96C /* Base */,
			);
			name = Main.storyboard;
			sourceTree = "<group>";
		};
		9F2EF1E52506D9110070F96C /* LaunchScreen.storyboard */ = {
			isa = PBXVariantGroup;
			children = (
				9F2EF1E62506D9110070F96C /* Base */,
			);
			name = LaunchScreen.storyboard;
			sourceTree = "<group>";
		};
/* End PBXVariantGroup section */

/* Begin XCBuildConfiguration section */
		9F2EF1E92506D9110070F96C /* Debug */ = {
			isa = XCBuildConfiguration;
			buildSettings = {
				ALWAYS_SEARCH_USER_PATHS = NO;
				CLANG_ANALYZER_NONNULL = YES;
				CLANG_ANALYZER_NUMBER_OBJECT_CONVERSION = YES_AGGRESSIVE;
				CLANG_CXX_LANGUAGE_STANDARD = "gnu++14";
				CLANG_CXX_LIBRARY = "libc++";
				CLANG_ENABLE_MODULES = YES;
				CLANG_ENABLE_OBJC_ARC = YES;
				CLANG_ENABLE_OBJC_WEAK = YES;
				CLANG_WARN_BLOCK_CAPTURE_AUTORELEASING = YES;
				CLANG_WARN_BOOL_CONVERSION = YES;
				CLANG_WARN_COMMA = YES;
				CLANG_WARN_CONSTANT_CONVERSION = YES;
				CLANG_WARN_DEPRECATED_OBJC_IMPLEMENTATIONS = YES;
				CLANG_WARN_DIRECT_OBJC_ISA_USAGE = YES_ERROR;
				CLANG_WARN_DOCUMENTATION_COMMENTS = YES;
				CLANG_WARN_EMPTY_BODY = YES;
				CLANG_WARN_ENUM_CONVERSION = YES;
				CLANG_WARN_INFINITE_RECURSION = YES;
				CLANG_WARN_INT_CONVERSION = YES;
				CLANG_WARN_NON_LITERAL_NULL_CONVERSION = YES;
				CLANG_WARN_OBJC_IMPLICIT_RETAIN_SELF = YES;
				CLANG_WARN_OBJC_LITERAL_CONVERSION = YES;
				CLANG_WARN_OBJC_ROOT_CLASS = YES_ERROR;
				CLANG_WARN_RANGE_LOOP_ANALYSIS = YES;
				CLANG_WARN_STRICT_PROTOTYPES = YES;
				CLANG_WARN_SUSPICIOUS_MOVE = YES;
				CLANG_WARN_UNGUARDED_AVAILABILITY = YES_AGGRESSIVE;
				CLANG_WARN_UNREACHABLE_CODE = YES;
				CLANG_WARN__DUPLICATE_METHOD_MATCH = YES;
				COPY_PHASE_STRIP = NO;
				DEBUG_INFORMATION_FORMAT = dwarf;
				ENABLE_STRICT_OBJC_MSGSEND = YES;
				ENABLE_TESTABILITY = YES;
				GCC_C_LANGUAGE_STANDARD = gnu11;
				GCC_DYNAMIC_NO_PIC = NO;
				GCC_NO_COMMON_BLOCKS = YES;
				GCC_OPTIMIZATION_LEVEL = 0;
				GCC_PREPROCESSOR_DEFINITIONS = (
					"DEBUG=1",
					"$(inherited)",
				);
				GCC_WARN_64_TO_32_BIT_CONVERSION = YES;
				GCC_WARN_ABOUT_RETURN_TYPE = YES_ERROR;
				GCC_WARN_UNDECLARED_SELECTOR = YES;
				GCC_WARN_UNINITIALIZED_AUTOS = YES_AGGRESSIVE;
				GCC_WARN_UNUSED_FUNCTION = YES;
				GCC_WARN_UNUSED_VARIABLE = YES;
				IPHONEOS_DEPLOYMENT_TARGET = 13.4;
				MTL_ENABLE_DEBUG_INFO = INCLUDE_SOURCE;
				MTL_FAST_MATH = YES;
				ONLY_ACTIVE_ARCH = YES;
				SDKROOT = iphoneos;
				SWIFT_ACTIVE_COMPILATION_CONDITIONS = DEBUG;
				SWIFT_OPTIMIZATION_LEVEL = "-Onone";
			};
			name = Debug;
		};
		9F2EF1EA2506D9110070F96C /* Release */ = {
			isa = XCBuildConfiguration;
			buildSettings = {
				ALWAYS_SEARCH_USER_PATHS = NO;
				CLANG_ANALYZER_NONNULL = YES;
				CLANG_ANALYZER_NUMBER_OBJECT_CONVERSION = YES_AGGRESSIVE;
				CLANG_CXX_LANGUAGE_STANDARD = "gnu++14";
				CLANG_CXX_LIBRARY = "libc++";
				CLANG_ENABLE_MODULES = YES;
				CLANG_ENABLE_OBJC_ARC = YES;
				CLANG_ENABLE_OBJC_WEAK = YES;
				CLANG_WARN_BLOCK_CAPTURE_AUTORELEASING = YES;
				CLANG_WARN_BOOL_CONVERSION = YES;
				CLANG_WARN_COMMA = YES;
				CLANG_WARN_CONSTANT_CONVERSION = YES;
				CLANG_WARN_DEPRECATED_OBJC_IMPLEMENTATIONS = YES;
				CLANG_WARN_DIRECT_OBJC_ISA_USAGE = YES_ERROR;
				CLANG_WARN_DOCUMENTATION_COMMENTS = YES;
				CLANG_WARN_EMPTY_BODY = YES;
				CLANG_WARN_ENUM_CONVERSION = YES;
				CLANG_WARN_INFINITE_RECURSION = YES;
				CLANG_WARN_INT_CONVERSION = YES;
				CLANG_WARN_NON_LITERAL_NULL_CONVERSION = YES;
				CLANG_WARN_OBJC_IMPLICIT_RETAIN_SELF = YES;
				CLANG_WARN_OBJC_LITERAL_CONVERSION = YES;
				CLANG_WARN_OBJC_ROOT_CLASS = YES_ERROR;
				CLANG_WARN_RANGE_LOOP_ANALYSIS = YES;
				CLANG_WARN_STRICT_PROTOTYPES = YES;
				CLANG_WARN_SUSPICIOUS_MOVE = YES;
				CLANG_WARN_UNGUARDED_AVAILABILITY = YES_AGGRESSIVE;
				CLANG_WARN_UNREACHABLE_CODE = YES;
				CLANG_WARN__DUPLICATE_METHOD_MATCH = YES;
				COPY_PHASE_STRIP = NO;
				DEBUG_INFORMATION_FORMAT = "dwarf-with-dsym";
				ENABLE_NS_ASSERTIONS = NO;
				ENABLE_STRICT_OBJC_MSGSEND = YES;
				GCC_C_LANGUAGE_STANDARD = gnu11;
				GCC_NO_COMMON_BLOCKS = YES;
				GCC_WARN_64_TO_32_BIT_CONVERSION = YES;
				GCC_WARN_ABOUT_RETURN_TYPE = YES_ERROR;
				GCC_WARN_UNDECLARED_SELECTOR = YES;
				GCC_WARN_UNINITIALIZED_AUTOS = YES_AGGRESSIVE;
				GCC_WARN_UNUSED_FUNCTION = YES;
				GCC_WARN_UNUSED_VARIABLE = YES;
				IPHONEOS_DEPLOYMENT_TARGET = 13.4;
				MTL_ENABLE_DEBUG_INFO = NO;
				MTL_FAST_MATH = YES;
				SDKROOT = iphoneos;
				SWIFT_COMPILATION_MODE = wholemodule;
				SWIFT_OPTIMIZATION_LEVEL = "-O";
				VALIDATE_PRODUCT = YES;
			};
			name = Release;
		};
		9F2EF1EC2506D9110070F96C /* Debug */ = {
			isa = XCBuildConfiguration;
			buildSettings = {
				ASSETCATALOG_COMPILER_APPICON_NAME = AppIcon;
				CODE_SIGN_STYLE = Automatic;
				DEVELOPMENT_TEAM = 5RTZJMVRS2;
				INFOPLIST_FILE = "Pixel APP/Info.plist";
				LD_RUNPATH_SEARCH_PATHS = (
					"$(inherited)",
					"@executable_path/Frameworks",
				);
				PRODUCT_BUNDLE_IDENTIFIER = "com.hosam.net.Pixel-APP";
				PRODUCT_NAME = "$(TARGET_NAME)";
				SWIFT_VERSION = 5.0;
				TARGETED_DEVICE_FAMILY = "1,2";
			};
			name = Debug;
		};
		9F2EF1ED2506D9110070F96C /* Release */ = {
			isa = XCBuildConfiguration;
			buildSettings = {
				ASSETCATALOG_COMPILER_APPICON_NAME = AppIcon;
				CODE_SIGN_STYLE = Automatic;
				DEVELOPMENT_TEAM = 5RTZJMVRS2;
				INFOPLIST_FILE = "Pixel APP/Info.plist";
				LD_RUNPATH_SEARCH_PATHS = (
					"$(inherited)",
					"@executable_path/Frameworks",
				);
				PRODUCT_BUNDLE_IDENTIFIER = "com.hosam.net.Pixel-APP";
				PRODUCT_NAME = "$(TARGET_NAME)";
				SWIFT_VERSION = 5.0;
				TARGETED_DEVICE_FAMILY = "1,2";
			};
			name = Release;
		};
/* End XCBuildConfiguration section */

/* Begin XCConfigurationList section */
		9F2EF1D22506D90E0070F96C /* Build configuration list for PBXProject "Pixel APP" */ = {
			isa = XCConfigurationList;
			buildConfigurations = (
				9F2EF1E92506D9110070F96C /* Debug */,
				9F2EF1EA2506D9110070F96C /* Release */,
			);
			defaultConfigurationIsVisible = 0;
			defaultConfigurationName = Release;
		};
		9F2EF1EB2506D9110070F96C /* Build configuration list for PBXNativeTarget "Pixel APP" */ = {
			isa = XCConfigurationList;
			buildConfigurations = (
				9F2EF1EC2506D9110070F96C /* Debug */,
				9F2EF1ED2506D9110070F96C /* Release */,
			);
			defaultConfigurationIsVisible = 0;
			defaultConfigurationName = Release;
		};
/* End XCConfigurationList section */
	};
	rootObject = 9F2EF1CF2506D90E0070F96C /* Project object */;
}
